
Microsoft Visual Studio Solution File, Format Version 12.00
# Visual Studio Version 17
VisualStudioVersion = 17.14.36109.1
MinimumVisualStudioVersion = 10.0.40219.1
Project("{2150E333-8FDC-42A3-9474-1A3956D46DE8}") = "src", "src", "{02EA681E-C7D8-13C7-8484-4AC65E1B71E8}"
EndProject
Project("{FAE04EC0-301F-11D3-BF4B-00C04F79EFBC}") = "camunda-playground", "src\camunda-playground\camunda-playground.csproj", "{348762F8-7F1D-4EF0-95FA-BBCB2CC21C42}"
EndProject
Project("{2150E333-8FDC-42A3-9474-1A3956D46DE8}") = "docker", "docker", "{919D6D6F-68C0-44FC-B039-2D48AE6FFC3E}"
	ProjectSection(SolutionItems) = preProject
		src\.env = src\.env
		src\docker-compose.yaml = src\docker-compose.yaml
	EndProjectSection
EndProject
Global
	GlobalSection(SolutionConfigurationPlatforms) = preSolution
		Debug|Any CPU = Debug|Any CPU
		Release|Any CPU = Release|Any CPU
	EndGlobalSection
	GlobalSection(ProjectConfigurationPlatforms) = postSolution
		{348762F8-7F1D-4EF0-95FA-BBCB2CC21C42}.Debug|Any CPU.ActiveCfg = Debug|Any CPU
		{348762F8-7F1D-4EF0-95FA-BBCB2CC21C42}.Debug|Any CPU.Build.0 = Debug|Any CPU
		{348762F8-7F1D-4EF0-95FA-BBCB2CC21C42}.Release|Any CPU.ActiveCfg = Release|Any CPU
		{348762F8-7F1D-4EF0-95FA-BBCB2CC21C42}.Release|Any CPU.Build.0 = Release|Any CPU
	EndGlobalSection
	GlobalSection(SolutionProperties) = preSolution
		HideSolutionNode = FALSE
	EndGlobalSection
	GlobalSection(NestedProjects) = preSolution
		{348762F8-7F1D-4EF0-95FA-BBCB2CC21C42} = {02EA681E-C7D8-13C7-8484-4AC65E1B71E8}
		{919D6D6F-68C0-44FC-B039-2D48AE6FFC3E} = {02EA681E-C7D8-13C7-8484-4AC65E1B71E8}
	EndGlobalSection
	GlobalSection(ExtensibilityGlobals) = postSolution
		SolutionGuid = {EB0CCF10-5B4E-4407-9837-7CB49C66FA72}
	EndGlobalSection
EndGlobal
